
Microsoft Visual Studio Solution File, Format Version 12.00
# Visual Studio Version 16
VisualStudioVersion = 16.0.30002.166
MinimumVisualStudioVersion = 10.0.40219.1
Project("{9A19103F-16F7-4668-BE54-9A1E7A4F7556}") = "NewLife.NetworkLog", "NewLife.NetworkLog\NewLife.NetworkLog.csproj", "{F57E3003-3EC0-48FA-AE1A-A0BEDACDE479}"
EndProject
Global
	GlobalSection(SolutionConfigurationPlatforms) = preSolution
		Debug|Any CPU = Debug|Any CPU
		Release|Any CPU = Release|Any CPU
	EndGlobalSection
	GlobalSection(ProjectConfigurationPlatforms) = postSolution
		{F57E3003-3EC0-48FA-AE1A-A0BEDACDE479}.Debug|Any CPU.ActiveCfg = Debug|Any CPU
		{F57E3003-3EC0-48FA-AE1A-A0BEDACDE479}.Debug|Any CPU.Build.0 = Debug|Any CPU
		{F57E3003-3EC0-48FA-AE1A-A0BEDACDE479}.Release|Any CPU.ActiveCfg = Release|Any CPU
		{F57E3003-3EC0-48FA-AE1A-A0BEDACDE479}.Release|Any CPU.Build.0 = Release|Any CPU
	EndGlobalSection
	GlobalSection(SolutionProperties) = preSolution
		HideSolutionNode = FALSE
	EndGlobalSection
	GlobalSection(ExtensibilityGlobals) = postSolution
		SolutionGuid = {83970A94-957A-4143-B13D-2E609EC34255}
	EndGlobalSection
EndGlobal
